// !$*UTF8*$!
{
	archiveVersion = 1;
	classes = {
	};
	objectVersion = 46;
	objects = {

/* Begin PBXBuildFile section */
		0D1B2DF719EEF9550031FC6E /* PG4.cpp in Sources */ = {isa = PBXBuildFile; fileRef = 0D1B2DF519EEF9550031FC6E /* PG4.cpp */; };
		0DAB7BAD19F14CCD003447B0 /* LL.cpp in Sources */ = {isa = PBXBuildFile; fileRef = 0DAB7BA919F14CCD003447B0 /* LL.cpp */; };
		0DAB7BAE19F14CCD003447B0 /* LLN.cpp in Sources */ = {isa = PBXBuildFile; fileRef = 0DAB7BAB19F14CCD003447B0 /* LLN.cpp */; };
/* End PBXBuildFile section */

/* Begin PBXCopyFilesBuildPhase section */
		0D1B2DE919EEF91F0031FC6E /* CopyFiles */ = {
			isa = PBXCopyFilesBuildPhase;
			buildActionMask = 2147483647;
			dstPath = /usr/share/man/man1/;
			dstSubfolderSpec = 0;
			files = (
			);
			runOnlyForDeploymentPostprocessing = 1;
		};
/* End PBXCopyFilesBuildPhase section */

/* Begin PBXFileReference section */
		0D1B2DEB19EEF91F0031FC6E /* PG4 */ = {isa = PBXFileReference; explicitFileType = "compiled.mach-o.executable"; includeInIndex = 0; path = PG4; sourceTree = BUILT_PRODUCTS_DIR; };
		0D1B2DF519EEF9550031FC6E /* PG4.cpp */ = {isa = PBXFileReference; fileEncoding = 4; lastKnownFileType = sourcecode.cpp.cpp; path = PG4.cpp; sourceTree = SOURCE_ROOT; };
		0D1B2DF619EEF9550031FC6E /* PG4.h */ = {isa = PBXFileReference; fileEncoding = 4; lastKnownFileType = sourcecode.c.h; path = PG4.h; sourceTree = SOURCE_ROOT; };
		0DAB7BA919F14CCD003447B0 /* LL.cpp */ = {isa = PBXFileReference; fileEncoding = 4; lastKnownFileType = sourcecode.cpp.cpp; path = LL.cpp; sourceTree = SOURCE_ROOT; };
		0DAB7BAA19F14CCD003447B0 /* LL.h */ = {isa = PBXFileReference; fileEncoding = 4; lastKnownFileType = sourcecode.c.h; path = LL.h; sourceTree = SOURCE_ROOT; };
		0DAB7BAB19F14CCD003447B0 /* LLN.cpp */ = {isa = PBXFileReference; fileEncoding = 4; lastKnownFileType = sourcecode.cpp.cpp; path = LLN.cpp; sourceTree = SOURCE_ROOT; };
		0DAB7BAC19F14CCD003447B0 /* LLN.h */ = {isa = PBXFileReference; fileEncoding = 4; lastKnownFileType = sourcecode.c.h; path = LLN.h; sourceTree = SOURCE_ROOT; };
/* End PBXFileReference section */

/* Begin PBXFrameworksBuildPhase section */
		0D1B2DE819EEF91F0031FC6E /* Frameworks */ = {
			isa = PBXFrameworksBuildPhase;
			buildActionMask = 2147483647;
			files = (
			);
			runOnlyForDeploymentPostprocessing = 0;
		};
/* End PBXFrameworksBuildPhase section */

/* Begin PBXGroup section */
		0D1B2DE219EEF91F0031FC6E = {
			isa = PBXGroup;
			children = (
				0D1B2DED19EEF91F0031FC6E /* PG4 */,
				0D1B2DEC19EEF91F0031FC6E /* Products */,
			);
			sourceTree = "<group>";
		};
		0D1B2DEC19EEF91F0031FC6E /* Products */ = {
			isa = PBXGroup;
			children = (
				0D1B2DEB19EEF91F0031FC6E /* PG4 */,
			);
			name = Products;
			sourceTree = "<group>";
		};
		0D1B2DED19EEF91F0031FC6E /* PG4 */ = {
			isa = PBXGroup;
			children = (
				0D1B2DF519EEF9550031FC6E /* PG4.cpp */,
				0D1B2DF619EEF9550031FC6E /* PG4.h */,
				0DAB7BA919F14CCD003447B0 /* LL.cpp */,
				0DAB7BAA19F14CCD003447B0 /* LL.h */,
				0DAB7BAB19F14CCD003447B0 /* LLN.cpp */,
				0DAB7BAC19F14CCD003447B0 /* LLN.h */,
			);
			path = PG4;
			sourceTree = "<group>";
		};
/* End PBXGroup section */

/* Begin PBXNativeTarget section */
		0D1B2DEA19EEF91F0031FC6E /* PG4 */ = {
			isa = PBXNativeTarget;
			buildConfigurationList = 0D1B2DF219EEF91F0031FC6E /* Build configuration list for PBXNativeTarget "PG4" */;
			buildPhases = (
				0D1B2DE719EEF91F0031FC6E /* Sources */,
				0D1B2DE819EEF91F0031FC6E /* Frameworks */,
				0D1B2DE919EEF91F0031FC6E /* CopyFiles */,
			);
			buildRules = (
			);
			dependencies = (
			);
			name = PG4;
			productName = PG4;
			productReference = 0D1B2DEB19EEF91F0031FC6E /* PG4 */;
			productType = "com.apple.product-type.tool";
		};
/* End PBXNativeTarget section */

/* Begin PBXProject section */
		0D1B2DE319EEF91F0031FC6E /* Project object */ = {
			isa = PBXProject;
			attributes = {
				LastUpgradeCheck = 0610;
				ORGANIZATIONNAME = "Lawrence Johnson";
				TargetAttributes = {
					0D1B2DEA19EEF91F0031FC6E = {
						CreatedOnToolsVersion = 6.1;
					};
				};
			};
			buildConfigurationList = 0D1B2DE619EEF91F0031FC6E /* Build configuration list for PBXProject "PG4" */;
			compatibilityVersion = "Xcode 3.2";
			developmentRegion = English;
			hasScannedForEncodings = 0;
			knownRegions = (
				en,
			);
			mainGroup = 0D1B2DE219EEF91F0031FC6E;
			productRefGroup = 0D1B2DEC19EEF91F0031FC6E /* Products */;
			projectDirPath = "";
			projectRoot = "";
			targets = (
				0D1B2DEA19EEF91F0031FC6E /* PG4 */,
			);
		};
/* End PBXProject section */

/* Begin PBXSourcesBuildPhase section */
		0D1B2DE719EEF91F0031FC6E /* Sources */ = {
			isa = PBXSourcesBuildPhase;
			buildActionMask = 2147483647;
			files = (
				0DAB7BAE19F14CCD003447B0 /* LLN.cpp in Sources */,
				0D1B2DF719EEF9550031FC6E /* PG4.cpp in Sources */,
				0DAB7BAD19F14CCD003447B0 /* LL.cpp in Sources */,
			);
			runOnlyForDeploymentPostprocessing = 0;
		};
/* End PBXSourcesBuildPhase section */

/* Begin XCBuildConfiguration section */
		0D1B2DF019EEF91F0031FC6E /* Debug */ = {
			isa = XCBuildConfiguration;
			buildSettings = {
				ALWAYS_SEARCH_USER_PATHS = NO;
				CLANG_CXX_LANGUAGE_STANDARD = "gnu++0x";
				CLANG_CXX_LIBRARY = "libc++";
				CLANG_ENABLE_MODULES = YES;
				CLANG_ENABLE_OBJC_ARC = YES;
				CLANG_WARN_BOOL_CONVERSION = YES;
				CLANG_WARN_CONSTANT_CONVERSION = YES;
				CLANG_WARN_DIRECT_OBJC_ISA_USAGE = YES_ERROR;
				CLANG_WARN_EMPTY_BODY = YES;
				CLANG_WARN_ENUM_CONVERSION = YES;
				CLANG_WARN_INT_CONVERSION = YES;
				CLANG_WARN_OBJC_ROOT_CLASS = YES_ERROR;
				CLANG_WARN_UNREACHABLE_CODE = YES;
				CLANG_WARN__DUPLICATE_METHOD_MATCH = YES;
				COPY_PHASE_STRIP = NO;
				ENABLE_STRICT_OBJC_MSGSEND = YES;
				GCC_C_LANGUAGE_STANDARD = gnu99;
				GCC_DYNAMIC_NO_PIC = NO;
				GCC_OPTIMIZATION_LEVEL = 0;
				GCC_PREPROCESSOR_DEFINITIONS = (
					"DEBUG=1",
					"$(inherited)",
				);
				GCC_SYMBOLS_PRIVATE_EXTERN = NO;
				GCC_WARN_64_TO_32_BIT_CONVERSION = YES;
				GCC_WARN_ABOUT_RETURN_TYPE = YES_ERROR;
				GCC_WARN_UNDECLARED_SELECTOR = YES;
				GCC_WARN_UNINITIALIZED_AUTOS = YES_AGGRESSIVE;
				GCC_WARN_UNUSED_FUNCTION = YES;
				GCC_WARN_UNUSED_VARIABLE = YES;
				MACOSX_DEPLOYMENT_TARGET = 10.10;
				MTL_ENABLE_DEBUG_INFO = YES;
				ONLY_ACTIVE_ARCH = YES;
				SDKROOT = macosx;
			};
			name = Debug;
		};
		0D1B2DF119EEF91F0031FC6E /* Release */ = {
			isa = XCBuildConfiguration;
			buildSettings = {
				ALWAYS_SEARCH_USER_PATHS = NO;
				CLANG_CXX_LANGUAGE_STANDARD = "gnu++0x";
				CLANG_CXX_LIBRARY = "libc++";
				CLANG_ENABLE_MODULES = YES;
				CLANG_ENABLE_OBJC_ARC = YES;
				CLANG_WARN_BOOL_CONVERSION = YES;
				CLANG_WARN_CONSTANT_CONVERSION = YES;
				CLANG_WARN_DIRECT_OBJC_ISA_USAGE = YES_ERROR;
				CLANG_WARN_EMPTY_BODY = YES;
				CLANG_WARN_ENUM_CONVERSION = YES;
				CLANG_WARN_INT_CONVERSION = YES;
				CLANG_WARN_OBJC_ROOT_CLASS = YES_ERROR;
				CLANG_WARN_UNREACHABLE_CODE = YES;
				CLANG_WARN__DUPLICATE_METHOD_MATCH = YES;
				COPY_PHASE_STRIP = YES;
				DEBUG_INFORMATION_FORMAT = "dwarf-with-dsym";
				ENABLE_NS_ASSERTIONS = NO;
				ENABLE_STRICT_OBJC_MSGSEND = YES;
				GCC_C_LANGUAGE_STANDARD = gnu99;
				GCC_WARN_64_TO_32_BIT_CONVERSION = YES;
				GCC_WARN_ABOUT_RETURN_TYPE = YES_ERROR;
				GCC_WARN_UNDECLARED_SELECTOR = YES;
				GCC_WARN_UNINITIALIZED_AUTOS = YES_AGGRESSIVE;
				GCC_WARN_UNUSED_FUNCTION = YES;
				GCC_WARN_UNUSED_VARIABLE = YES;
				MACOSX_DEPLOYMENT_TARGET = 10.10;
				MTL_ENABLE_DEBUG_INFO = NO;
				SDKROOT = macosx;
			};
			name = Release;
		};
		0D1B2DF319EEF91F0031FC6E /* Debug */ = {
			isa = XCBuildConfiguration;
			buildSettings = {
				PRODUCT_NAME = "$(TARGET_NAME)";
			};
			name = Debug;
		};
		0D1B2DF419EEF91F0031FC6E /* Release */ = {
			isa = XCBuildConfiguration;
			buildSettings = {
				PRODUCT_NAME = "$(TARGET_NAME)";
			};
			name = Release;
		};
/* End XCBuildConfiguration section */

/* Begin XCConfigurationList section */
		0D1B2DE619EEF91F0031FC6E /* Build configuration list for PBXProject "PG4" */ = {
			isa = XCConfigurationList;
			buildConfigurations = (
				0D1B2DF019EEF91F0031FC6E /* Debug */,
				0D1B2DF119EEF91F0031FC6E /* Release */,
			);
			defaultConfigurationIsVisible = 0;
			defaultConfigurationName = Release;
		};
		0D1B2DF219EEF91F0031FC6E /* Build configuration list for PBXNativeTarget "PG4" */ = {
			isa = XCConfigurationList;
			buildConfigurations = (
				0D1B2DF319EEF91F0031FC6E /* Debug */,
				0D1B2DF419EEF91F0031FC6E /* Release */,
			);
			defaultConfigurationIsVisible = 0;
			defaultConfigurationName = Release;
		};
/* End XCConfigurationList section */
	};
	rootObject = 0D1B2DE319EEF91F0031FC6E /* Project object */;
}
